
Microsoft Visual Studio Solution File, Format Version 12.00
# Visual Studio Version 16
VisualStudioVersion = 16.0.31105.61
MinimumVisualStudioVersion = 10.0.40219.1
Project("{9A19103F-16F7-4668-BE54-9A1E7A4F7556}") = "CSharpDemo", "CSharpDemo\CSharpDemo.csproj", "{A7F2E726-0676-44B3-AE3D-B4591C5D0CE3}"
EndProject
Project("{9A19103F-16F7-4668-BE54-9A1E7A4F7556}") = "NewProject", "NewProject\NewProject.csproj", "{7D0E8453-011C-49D9-B22F-F5CED351977A}"
EndProject
Project("{9A19103F-16F7-4668-BE54-9A1E7A4F7556}") = "PrimeFactorsTest", "PrimeFactorsTest\PrimeFactorsTest.csproj", "{75206C86-8B00-4D67-8260-611D917E7B7F}"
EndProject
Project("{9A19103F-16F7-4668-BE54-9A1E7A4F7556}") = "PrimeFactorsTest2", "PrimeFactorsTest2\PrimeFactorsTest2.csproj", "{C3339D0A-4EDF-4667-947A-65B78DCB9CD1}"
EndProject
Project("{FAE04EC0-301F-11D3-BF4B-00C04F79EFBC}") = "CustomerClassLibrary", "CustomerClassLibrary\CustomerClassLibrary.csproj", "{CAB282FF-C87B-43C3-8E29-9AB0F2C4511F}"
EndProject
Project("{FAE04EC0-301F-11D3-BF4B-00C04F79EFBC}") = "DotNetCore", "DotNetCore\DotNetCore.csproj", "{86942CBC-6345-4ACB-893D-5F35DEEF6CD5}"
EndProject
Project("{FAE04EC0-301F-11D3-BF4B-00C04F79EFBC}") = "TestProj", "TestProj\TestProj.csproj", "{998AD690-B8AD-4E23-A847-94B490DB824A}"
EndProject
Global
	GlobalSection(SolutionConfigurationPlatforms) = preSolution
		Debug|Any CPU = Debug|Any CPU
		Release|Any CPU = Release|Any CPU
	EndGlobalSection
	GlobalSection(ProjectConfigurationPlatforms) = postSolution
		{A7F2E726-0676-44B3-AE3D-B4591C5D0CE3}.Debug|Any CPU.ActiveCfg = Debug|Any CPU
		{A7F2E726-0676-44B3-AE3D-B4591C5D0CE3}.Debug|Any CPU.Build.0 = Debug|Any CPU
		{A7F2E726-0676-44B3-AE3D-B4591C5D0CE3}.Release|Any CPU.ActiveCfg = Release|Any CPU
		{A7F2E726-0676-44B3-AE3D-B4591C5D0CE3}.Release|Any CPU.Build.0 = Release|Any CPU
		{7D0E8453-011C-49D9-B22F-F5CED351977A}.Debug|Any CPU.ActiveCfg = Debug|Any CPU
		{7D0E8453-011C-49D9-B22F-F5CED351977A}.Debug|Any CPU.Build.0 = Debug|Any CPU
		{7D0E8453-011C-49D9-B22F-F5CED351977A}.Release|Any CPU.ActiveCfg = Release|Any CPU
		{7D0E8453-011C-49D9-B22F-F5CED351977A}.Release|Any CPU.Build.0 = Release|Any CPU
		{75206C86-8B00-4D67-8260-611D917E7B7F}.Debug|Any CPU.ActiveCfg = Debug|Any CPU
		{75206C86-8B00-4D67-8260-611D917E7B7F}.Debug|Any CPU.Build.0 = Debug|Any CPU
		{75206C86-8B00-4D67-8260-611D917E7B7F}.Release|Any CPU.ActiveCfg = Release|Any CPU
		{75206C86-8B00-4D67-8260-611D917E7B7F}.Release|Any CPU.Build.0 = Release|Any CPU
		{C3339D0A-4EDF-4667-947A-65B78DCB9CD1}.Debug|Any CPU.ActiveCfg = Debug|Any CPU
		{C3339D0A-4EDF-4667-947A-65B78DCB9CD1}.Debug|Any CPU.Build.0 = Debug|Any CPU
		{C3339D0A-4EDF-4667-947A-65B78DCB9CD1}.Release|Any CPU.ActiveCfg = Release|Any CPU
		{C3339D0A-4EDF-4667-947A-65B78DCB9CD1}.Release|Any CPU.Build.0 = Release|Any CPU
		{CAB282FF-C87B-43C3-8E29-9AB0F2C4511F}.Debug|Any CPU.ActiveCfg = Debug|Any CPU
		{CAB282FF-C87B-43C3-8E29-9AB0F2C4511F}.Debug|Any CPU.Build.0 = Debug|Any CPU
		{CAB282FF-C87B-43C3-8E29-9AB0F2C4511F}.Release|Any CPU.ActiveCfg = Release|Any CPU
		{CAB282FF-C87B-43C3-8E29-9AB0F2C4511F}.Release|Any CPU.Build.0 = Release|Any CPU
		{86942CBC-6345-4ACB-893D-5F35DEEF6CD5}.Debug|Any CPU.ActiveCfg = Debug|Any CPU
		{86942CBC-6345-4ACB-893D-5F35DEEF6CD5}.Debug|Any CPU.Build.0 = Debug|Any CPU
		{86942CBC-6345-4ACB-893D-5F35DEEF6CD5}.Release|Any CPU.ActiveCfg = Release|Any CPU
		{86942CBC-6345-4ACB-893D-5F35DEEF6CD5}.Release|Any CPU.Build.0 = Release|Any CPU
		{998AD690-B8AD-4E23-A847-94B490DB824A}.Debug|Any CPU.ActiveCfg = Debug|Any CPU
		{998AD690-B8AD-4E23-A847-94B490DB824A}.Debug|Any CPU.Build.0 = Debug|Any CPU
		{998AD690-B8AD-4E23-A847-94B490DB824A}.Release|Any CPU.ActiveCfg = Release|Any CPU
		{998AD690-B8AD-4E23-A847-94B490DB824A}.Release|Any CPU.Build.0 = Release|Any CPU
	EndGlobalSection
	GlobalSection(SolutionProperties) = preSolution
		HideSolutionNode = FALSE
	EndGlobalSection
	GlobalSection(ExtensibilityGlobals) = postSolution
		SolutionGuid = {17386A8B-FED0-4E27-90CC-99EAF8BE7897}
	EndGlobalSection
EndGlobal
